
Microsoft Visual Studio Solution File, Format Version 12.00
# Visual Studio Version 17
VisualStudioVersion = 17.10.34928.147
MinimumVisualStudioVersion = 10.0.40219.1
Project("{FAE04EC0-301F-11D3-BF4B-00C04F79EFBC}") = "Sender", "Sender\Sender.csproj", "{4FBFFC0A-BF09-4AE3-A8BA-1B5E57E6BC6C}"
EndProject
Global
	GlobalSection(SolutionConfigurationPlatforms) = preSolution
		Debug|Any CPU = Debug|Any CPU
		Release|Any CPU = Release|Any CPU
	EndGlobalSection
	GlobalSection(ProjectConfigurationPlatforms) = postSolution
		{4FBFFC0A-BF09-4AE3-A8BA-1B5E57E6BC6C}.Debug|Any CPU.ActiveCfg = Debug|Any CPU
		{4FBFFC0A-BF09-4AE3-A8BA-1B5E57E6BC6C}.Debug|Any CPU.Build.0 = Debug|Any CPU
		{4FBFFC0A-BF09-4AE3-A8BA-1B5E57E6BC6C}.Release|Any CPU.ActiveCfg = Release|Any CPU
		{4FBFFC0A-BF09-4AE3-A8BA-1B5E57E6BC6C}.Release|Any CPU.Build.0 = Release|Any CPU
	EndGlobalSection
	GlobalSection(SolutionProperties) = preSolution
		HideSolutionNode = FALSE
	EndGlobalSection
	GlobalSection(ExtensibilityGlobals) = postSolution
		SolutionGuid = {803D1944-B238-4AB2-AD5F-60DFEEB2A6A5}
	EndGlobalSection
EndGlobal
